
Microsoft Visual Studio Solution File, Format Version 12.00
# Visual Studio Version 16
VisualStudioVersion = 16.0.31129.286
MinimumVisualStudioVersion = 10.0.40219.1
Project("{FAE04EC0-301F-11D3-BF4B-00C04F79EFBC}") = "PreferredCustomerPrgm", "PreferredCustomerPrgm\PreferredCustomerPrgm.csproj", "{C555EB22-178C-440E-B789-D18EB7A14E3C}"
EndProject
Global
	GlobalSection(SolutionConfigurationPlatforms) = preSolution
		Debug|Any CPU = Debug|Any CPU
		Release|Any CPU = Release|Any CPU
	EndGlobalSection
	GlobalSection(ProjectConfigurationPlatforms) = postSolution
		{C555EB22-178C-440E-B789-D18EB7A14E3C}.Debug|Any CPU.ActiveCfg = Debug|Any CPU
		{C555EB22-178C-440E-B789-D18EB7A14E3C}.Debug|Any CPU.Build.0 = Debug|Any CPU
		{C555EB22-178C-440E-B789-D18EB7A14E3C}.Release|Any CPU.ActiveCfg = Release|Any CPU
		{C555EB22-178C-440E-B789-D18EB7A14E3C}.Release|Any CPU.Build.0 = Release|Any CPU
	EndGlobalSection
	GlobalSection(SolutionProperties) = preSolution
		HideSolutionNode = FALSE
	EndGlobalSection
	GlobalSection(ExtensibilityGlobals) = postSolution
		SolutionGuid = {E29D7DB0-1B8F-4518-848F-7A24CBC3B09D}
	EndGlobalSection
EndGlobal
